lockfileVersion: '9.0'

settings:
  autoInstallPeers: true
  excludeLinksFromLockfile: false

importers:

  .:
    dependencies:
      '@testing-library/react-hooks':
        specifier: ^8.0.1
        version: 8.0.1(react@17.0.2)

packages:

  '@babel/runtime@7.27.1':
    resolution: {integrity: sha512-1x3D2xEk2fRo3PAhwQwu5UubzgiVWSXTBfWpVd2Mx2AzRqJuDJCsgaDVZ7HB5iGzDW1Hl1sWN2mFyKjmR9uAog==}
    engines: {node: '>=6.9.0'}

  '@testing-library/react-hooks@8.0.1':
    resolution: {integrity: sha512-Aqhl2IVmLt8IovEVarNDFuJDVWVvhnr9/GCU6UUnrYXwgDFF9h2L2o2P9KBni1AST5sT6riAyoukFLyjQUgD/g==}
    engines: {node: '>=12'}
    peerDependencies:
      '@types/react': ^16.9.0 || ^17.0.0
      react: ^16.9.0 || ^17.0.0
      react-dom: ^16.9.0 || ^17.0.0
      react-test-renderer: ^16.9.0 || ^17.0.0
    peerDependenciesMeta:
      '@types/react':
        optional: true
      react-dom:
        optional: true
      react-test-renderer:
        optional: true

  js-tokens@4.0.0:
    resolution: {integrity: sha512-RdJUflcE3cUzKiMqQgsCu06FPu9UdIJO0beYbPhHN4k6apgJtifcoCtT9bcxOpYBtpD2kCM6Sbzg4CausW/PKQ==}

  loose-envify@1.4.0:
    resolution: {integrity: sha512-lyuxPGr/Wfhrlem2CL/UcnUc1zcqKAImBDzukY7Y5F/yQiNdko6+fRLevlw1HgMySw7f611UIY408EtxRSoK3Q==}
    hasBin: true

  object-assign@4.1.1:
    resolution: {integrity: sha512-rJgTQnkUnH1sFw8yT6VSU3zD3sWmu6sZhIseY8VX+GRu3P6F7Fu+JNDoXfklElbLJSnc3FUQHVe4cU5hj+BcUg==}
    engines: {node: '>=0.10.0'}

  react-error-boundary@3.1.4:
    resolution: {integrity: sha512-uM9uPzZJTF6wRQORmSrvOIgt4lJ9MC1sNgEOj2XGsDTRE4kmpWxg7ENK9EWNKJRMAOY9z0MuF4yIfl6gp4sotA==}
    engines: {node: '>=10', npm: '>=6'}
    peerDependencies:
      react: '>=16.13.1'

  react@17.0.2:
    resolution: {integrity: sha512-gnhPt75i/dq/z3/6q/0asP78D0u592D5L1pd7M8P+dck6Fu/jJeL6iVVK23fptSUZj8Vjf++7wXA8UNclGQcbA==}
    engines: {node: '>=0.10.0'}

snapshots:

  '@babel/runtime@7.27.1': {}

  '@testing-library/react-hooks@8.0.1(react@17.0.2)':
    dependencies:
      '@babel/runtime': 7.27.1
      react: 17.0.2
      react-error-boundary: 3.1.4(react@17.0.2)

  js-tokens@4.0.0: {}

  loose-envify@1.4.0:
    dependencies:
      js-tokens: 4.0.0

  object-assign@4.1.1: {}

  react-error-boundary@3.1.4(react@17.0.2):
    dependencies:
      '@babel/runtime': 7.27.1
      react: 17.0.2

  react@17.0.2:
    dependencies:
      loose-envify: 1.4.0
      object-assign: 4.1.1
